
Microsoft Visual Studio Solution File, Format Version 12.00
# Visual Studio Version 16
VisualStudioVersion = 16.0.29911.84
MinimumVisualStudioVersion = 10.0.40219.1
Project("{FAE04EC0-301F-11D3-BF4B-00C04F79EFBC}") = "NS_ITEM", "NS_ITEM\NS_ITEM.csproj", "{7754F3C2-2CAA-4E36-8A79-1D3ACC4E855D}"
EndProject
Global
	GlobalSection(SolutionConfigurationPlatforms) = preSolution
		Debug|Any CPU = Debug|Any CPU
		Release|Any CPU = Release|Any CPU
	EndGlobalSection
	GlobalSection(ProjectConfigurationPlatforms) = postSolution
		{7754F3C2-2CAA-4E36-8A79-1D3ACC4E855D}.Debug|Any CPU.ActiveCfg = Debug|Any CPU
		{7754F3C2-2CAA-4E36-8A79-1D3ACC4E855D}.Debug|Any CPU.Build.0 = Debug|Any CPU
		{7754F3C2-2CAA-4E36-8A79-1D3ACC4E855D}.Release|Any CPU.ActiveCfg = Release|Any CPU
		{7754F3C2-2CAA-4E36-8A79-1D3ACC4E855D}.Release|Any CPU.Build.0 = Release|Any CPU
	EndGlobalSection
	GlobalSection(SolutionProperties) = preSolution
		HideSolutionNode = FALSE
	EndGlobalSection
	GlobalSection(ExtensibilityGlobals) = postSolution
		SolutionGuid = {91216B5A-1099-4090-85C9-8D210B04D270}
	EndGlobalSection
EndGlobal
